// !$*UTF8*$!
{
	archiveVersion = 1;
	classes = {
	};
	objectVersion = 50;
	objects = {

/* Begin PBXBuildFile section */
		4B6719E32416D32B00722BBB /* AppDelegate.swift in Sources */ = {isa = PBXBuildFile; fileRef = 4B6719E22416D32B00722BBB /* AppDelegate.swift */; };
		4B6719E52416D32B00722BBB /* SceneDelegate.swift in Sources */ = {isa = PBXBuildFile; fileRef = 4B6719E42416D32B00722BBB /* SceneDelegate.swift */; };
		4B6719E72416D32B00722BBB /* ViewController.swift in Sources */ = {isa = PBXBuildFile; fileRef = 4B6719E62416D32B00722BBB /* ViewController.swift */; };
		4B6719EA2416D32B00722BBB /* Main.storyboard in Resources */ = {isa = PBXBuildFile; fileRef = 4B6719E82416D32B00722BBB /* Main.storyboard */; };
		4B6719EC2416D33000722BBB /* Assets.xcassets in Resources */ = {isa = PBXBuildFile; fileRef = 4B6719EB2416D33000722BBB /* Assets.xcassets */; };
		4B6719EF2416D33000722BBB /* LaunchScreen.storyboard in Resources */ = {isa = PBXBuildFile; fileRef = 4B6719ED2416D33000722BBB /* LaunchScreen.storyboard */; };
		4B6719FA2416D33000722BBB /* WeatherGiftTests.swift in Sources */ = {isa = PBXBuildFile; fileRef = 4B6719F92416D33000722BBB /* WeatherGiftTests.swift */; };
		4B671A052416D33000722BBB /* WeatherGiftUITests.swift in Sources */ = {isa = PBXBuildFile; fileRef = 4B671A042416D33000722BBB /* WeatherGiftUITests.swift */; };
/* End PBXBuildFile section */

/* Begin PBXContainerItemProxy section */
		4B6719F62416D33000722BBB /* PBXContainerItemProxy */ = {
			isa = PBXContainerItemProxy;
			containerPortal = 4B6719D72416D32B00722BBB /* Project object */;
			proxyType = 1;
			remoteGlobalIDString = 4B6719DE2416D32B00722BBB;
			remoteInfo = WeatherGift;
		};
		4B671A012416D33000722BBB /* PBXContainerItemProxy */ = {
			isa = PBXContainerItemProxy;
			containerPortal = 4B6719D72416D32B00722BBB /* Project object */;
			proxyType = 1;
			remoteGlobalIDString = 4B6719DE2416D32B00722BBB;
			remoteInfo = WeatherGift;
		};
/* End PBXContainerItemProxy section */

/* Begin PBXFileReference section */
		4B6719DF2416D32B00722BBB /* WeatherGift.app */ = {isa = PBXFileReference; explicitFileType = wrapper.application; includeInIndex = 0; path = WeatherGift.app; sourceTree = BUILT_PRODUCTS_DIR; };
		4B6719E22416D32B00722BBB /* AppDelegate.swift */ = {isa = PBXFileReference; lastKnownFileType = sourcecode.swift; path = AppDelegate.swift; sourceTree = "<group>"; };
		4B6719E42416D32B00722BBB /* SceneDelegate.swift */ = {isa = PBXFileReference; lastKnownFileType = sourcecode.swift; path = SceneDelegate.swift; sourceTree = "<group>"; };
		4B6719E62416D32B00722BBB /* ViewController.swift */ = {isa = PBXFileReference; lastKnownFileType = sourcecode.swift; path = ViewController.swift; sourceTree = "<group>"; };
		4B6719E92416D32B00722BBB /* Base */ = {isa = PBXFileReference; lastKnownFileType = file.storyboard; name = Base; path = Base.lproj/Main.storyboard; sourceTree = "<group>"; };
		4B6719EB2416D33000722BBB /* Assets.xcassets */ = {isa = PBXFileReference; lastKnownFileType = folder.assetcatalog; path = Assets.xcassets; sourceTree = "<group>"; };
		4B6719EE2416D33000722BBB /* Base */ = {isa = PBXFileReference; lastKnownFileType = file.storyboard; name = Base; path = Base.lproj/LaunchScreen.storyboard; sourceTree = "<group>"; };
		4B6719F02416D33000722BBB /* Info.plist */ = {isa = PBXFileReference; lastKnownFileType = text.plist.xml; path = Info.plist; sourceTree = "<group>"; };
		4B6719F52416D33000722BBB /* WeatherGiftTests.xctest */ = {isa = PBXFileReference; explicitFileType = wrapper.cfbundle; includeInIndex = 0; path = WeatherGiftTests.xctest; sourceTree = BUILT_PRODUCTS_DIR; };
		4B6719F92416D33000722BBB /* WeatherGiftTests.swift */ = {isa = PBXFileReference; lastKnownFileType = sourcecode.swift; path = WeatherGiftTests.swift; sourceTree = "<group>"; };
		4B6719FB2416D33000722BBB /* Info.plist */ = {isa = PBXFileReference; lastKnownFileType = text.plist.xml; path = Info.plist; sourceTree = "<group>"; };
		4B671A002416D33000722BBB /* WeatherGiftUITests.xctest */ = {isa = PBXFileReference; explicitFileType = wrapper.cfbundle; includeInIndex = 0; path = WeatherGiftUITests.xctest; sourceTree = BUILT_PRODUCTS_DIR; };
		4B671A042416D33000722BBB /* WeatherGiftUITests.swift */ = {isa = PBXFileReference; lastKnownFileType = sourcecode.swift; path = WeatherGiftUITests.swift; sourceTree = "<group>"; };
		4B671A062416D33000722BBB /* Info.plist */ = {isa = PBXFileReference; lastKnownFileType = text.plist.xml; path = Info.plist; sourceTree = "<group>"; };
/* End PBXFileReference section */

/* Begin PBXFrameworksBuildPhase section */
		4B6719DC2416D32B00722BBB /* Frameworks */ = {
			isa = PBXFrameworksBuildPhase;
			buildActionMask = 2147483647;
			files = (
			);
			runOnlyForDeploymentPostprocessing = 0;
		};
		4B6719F22416D33000722BBB /* Frameworks */ = {
			isa = PBXFrameworksBuildPhase;
			buildActionMask = 2147483647;
			files = (
			);
			runOnlyForDeploymentPostprocessing = 0;
		};
		4B6719FD2416D33000722BBB /* Frameworks */ = {
			isa = PBXFrameworksBuildPhase;
			buildActionMask = 2147483647;
			files = (
			);
			runOnlyForDeploymentPostprocessing = 0;
		};
/* End PBXFrameworksBuildPhase section */

/* Begin PBXGroup section */
		4B6719D62416D32B00722BBB = {
			isa = PBXGroup;
			children = (
				4B6719E12416D32B00722BBB /* WeatherGift */,
				4B6719F82416D33000722BBB /* WeatherGiftTests */,
				4B671A032416D33000722BBB /* WeatherGiftUITests */,
				4B6719E02416D32B00722BBB /* Products */,
			);
			sourceTree = "<group>";
		};
		4B6719E02416D32B00722BBB /* Products */ = {
			isa = PBXGroup;
			children = (
				4B6719DF2416D32B00722BBB /* WeatherGift.app */,
				4B6719F52416D33000722BBB /* WeatherGiftTests.xctest */,
				4B671A002416D33000722BBB /* WeatherGiftUITests.xctest */,
			);
			name = Products;
			sourceTree = "<group>";
		};
		4B6719E12416D32B00722BBB /* WeatherGift */ = {
			isa = PBXGroup;
			children = (
				4B6719E22416D32B00722BBB /* AppDelegate.swift */,
				4B6719E42416D32B00722BBB /* SceneDelegate.swift */,
				4B6719E62416D32B00722BBB /* ViewController.swift */,
				4B6719E82416D32B00722BBB /* Main.storyboard */,
				4B6719EB2416D33000722BBB /* Assets.xcassets */,
				4B6719ED2416D33000722BBB /* LaunchScreen.storyboard */,
				4B6719F02416D33000722BBB /* Info.plist */,
			);
			path = WeatherGift;
			sourceTree = "<group>";
		};
		4B6719F82416D33000722BBB /* WeatherGiftTests */ = {
			isa = PBXGroup;
			children = (
				4B6719F92416D33000722BBB /* WeatherGiftTests.swift */,
				4B6719FB2416D33000722BBB /* Info.plist */,
			);
			path = WeatherGiftTests;
			sourceTree = "<group>";
		};
		4B671A032416D33000722BBB /* WeatherGiftUITests */ = {
			isa = PBXGroup;
			children = (
				4B671A042416D33000722BBB /* WeatherGiftUITests.swift */,
				4B671A062416D33000722BBB /* Info.plist */,
			);
			path = WeatherGiftUITests;
			sourceTree = "<group>";
		};
/* End PBXGroup section */

/* Begin PBXNativeTarget section */
		4B6719DE2416D32B00722BBB /* WeatherGift */ = {
			isa = PBXNativeTarget;
			buildConfigurationList = 4B671A092416D33000722BBB /* Build configuration list for PBXNativeTarget "WeatherGift" */;
			buildPhases = (
				4B6719DB2416D32B00722BBB /* Sources */,
				4B6719DC2416D32B00722BBB /* Frameworks */,
				4B6719DD2416D32B00722BBB /* Resources */,
			);
			buildRules = (
			);
			dependencies = (
			);
			name = WeatherGift;
			productName = WeatherGift;
			productReference = 4B6719DF2416D32B00722BBB /* WeatherGift.app */;
			productType = "com.apple.product-type.application";
		};
		4B6719F42416D33000722BBB /* WeatherGiftTests */ = {
			isa = PBXNativeTarget;
			buildConfigurationList = 4B671A0C2416D33000722BBB /* Build configuration list for PBXNativeTarget "WeatherGiftTests" */;
			buildPhases = (
				4B6719F12416D33000722BBB /* Sources */,
				4B6719F22416D33000722BBB /* Frameworks */,
				4B6719F32416D33000722BBB /* Resources */,
			);
			buildRules = (
			);
			dependencies = (
				4B6719F72416D33000722BBB /* PBXTargetDependency */,
			);
			name = WeatherGiftTests;
			productName = WeatherGiftTests;
			productReference = 4B6719F52416D33000722BBB /* WeatherGiftTests.xctest */;
			productType = "com.apple.product-type.bundle.unit-test";
		};
		4B6719FF2416D33000722BBB /* WeatherGiftUITests */ = {
			isa = PBXNativeTarget;
			buildConfigurationList = 4B671A0F2416D33000722BBB /* Build configuration list for PBXNativeTarget "WeatherGiftUITests" */;
			buildPhases = (
				4B6719FC2416D33000722BBB /* Sources */,
				4B6719FD2416D33000722BBB /* Frameworks */,
				4B6719FE2416D33000722BBB /* Resources */,
			);
			buildRules = (
			);
			dependencies = (
				4B671A022416D33000722BBB /* PBXTargetDependency */,
			);
			name = WeatherGiftUITests;
			productName = WeatherGiftUITests;
			productReference = 4B671A002416D33000722BBB /* WeatherGiftUITests.xctest */;
			productType = "com.apple.product-type.bundle.ui-testing";
		};
/* End PBXNativeTarget section */

/* Begin PBXProject section */
		4B6719D72416D32B00722BBB /* Project object */ = {
			isa = PBXProject;
			attributes = {
				LastSwiftUpdateCheck = 1130;
				LastUpgradeCheck = 1130;
				ORGANIZATIONNAME = "Harrison Fish";
				TargetAttributes = {
					4B6719DE2416D32B00722BBB = {
						CreatedOnToolsVersion = 11.3.1;
					};
					4B6719F42416D33000722BBB = {
						CreatedOnToolsVersion = 11.3.1;
						TestTargetID = 4B6719DE2416D32B00722BBB;
					};
					4B6719FF2416D33000722BBB = {
						CreatedOnToolsVersion = 11.3.1;
						TestTargetID = 4B6719DE2416D32B00722BBB;
					};
				};
			};
			buildConfigurationList = 4B6719DA2416D32B00722BBB /* Build configuration list for PBXProject "WeatherGift" */;
			compatibilityVersion = "Xcode 9.3";
			developmentRegion = en;
			hasScannedForEncodings = 0;
			knownRegions = (
				en,
				Base,
			);
			mainGroup = 4B6719D62416D32B00722BBB;
			productRefGroup = 4B6719E02416D32B00722BBB /* Products */;
			projectDirPath = "";
			projectRoot = "";
			targets = (
				4B6719DE2416D32B00722BBB /* WeatherGift */,
				4B6719F42416D33000722BBB /* WeatherGiftTests */,
				4B6719FF2416D33000722BBB /* WeatherGiftUITests */,
			);
		};
/* End PBXProject section */

/* Begin PBXResourcesBuildPhase section */
		4B6719DD2416D32B00722BBB /* Resources */ = {
			isa = PBXResourcesBuildPhase;
			buildActionMask = 2147483647;
			files = (
				4B6719EF2416D33000722BBB /* LaunchScreen.storyboard in Resources */,
				4B6719EC2416D33000722BBB /* Assets.xcassets in Resources */,
				4B6719EA2416D32B00722BBB /* Main.storyboard in Resources */,
			);
			runOnlyForDeploymentPostprocessing = 0;
		};
		4B6719F32416D33000722BBB /* Resources */ = {
			isa = PBXResourcesBuildPhase;
			buildActionMask = 2147483647;
			files = (
			);
			runOnlyForDeploymentPostprocessing = 0;
		};
		4B6719FE2416D33000722BBB /* Resources */ = {
			isa = PBXResourcesBuildPhase;
			buildActionMask = 2147483647;
			files = (
			);
			runOnlyForDeploymentPostprocessing = 0;
		};
/* End PBXResourcesBuildPhase section */

/* Begin PBXSourcesBuildPhase section */
		4B6719DB2416D32B00722BBB /* Sources */ = {
			isa = PBXSourcesBuildPhase;
			buildActionMask = 2147483647;
			files = (
				4B6719E72416D32B00722BBB /* ViewController.swift in Sources */,
				4B6719E32416D32B00722BBB /* AppDelegate.swift in Sources */,
				4B6719E52416D32B00722BBB /* SceneDelegate.swift in Sources */,
			);
			runOnlyForDeploymentPostprocessing = 0;
		};
		4B6719F12416D33000722BBB /* Sources */ = {
			isa = PBXSourcesBuildPhase;
			buildActionMask = 2147483647;
			files = (
				4B6719FA2416D33000722BBB /* WeatherGiftTests.swift in Sources */,
			);
			runOnlyForDeploymentPostprocessing = 0;
		};
		4B6719FC2416D33000722BBB /* Sources */ = {
			isa = PBXSourcesBuildPhase;
			buildActionMask = 2147483647;
			files = (
				4B671A052416D33000722BBB /* WeatherGiftUITests.swift in Sources */,
			);
			runOnlyForDeploymentPostprocessing = 0;
		};
/* End PBXSourcesBuildPhase section */

/* Begin PBXTargetDependency section */
		4B6719F72416D33000722BBB /* PBXTargetDependency */ = {
			isa = PBXTargetDependency;
			target = 4B6719DE2416D32B00722BBB /* WeatherGift */;
			targetProxy = 4B6719F62416D33000722BBB /* PBXContainerItemProxy */;
		};
		4B671A022416D33000722BBB /* PBXTargetDependency */ = {
			isa = PBXTargetDependency;
			target = 4B6719DE2416D32B00722BBB /* WeatherGift */;
			targetProxy = 4B671A012416D33000722BBB /* PBXContainerItemProxy */;
		};
/* End PBXTargetDependency section */

/* Begin PBXVariantGroup section */
		4B6719E82416D32B00722BBB /* Main.storyboard */ = {
			isa = PBXVariantGroup;
			children = (
				4B6719E92416D32B00722BBB /* Base */,
			);
			name = Main.storyboard;
			sourceTree = "<group>";
		};
		4B6719ED2416D33000722BBB /* LaunchScreen.storyboard */ = {
			isa = PBXVariantGroup;
			children = (
				4B6719EE2416D33000722BBB /* Base */,
			);
			name = LaunchScreen.storyboard;
			sourceTree = "<group>";
		};
/* End PBXVariantGroup section */

/* Begin XCBuildConfiguration section */
		4B671A072416D33000722BBB /* Debug */ = {
			isa = XCBuildConfiguration;
			buildSettings = {
				ALWAYS_SEARCH_USER_PATHS = NO;
				CLANG_ANALYZER_NONNULL = YES;
				CLANG_ANALYZER_NUMBER_OBJECT_CONVERSION = YES_AGGRESSIVE;
				CLANG_CXX_LANGUAGE_STANDARD = "gnu++14";
				CLANG_CXX_LIBRARY = "libc++";
				CLANG_ENABLE_MODULES = YES;
				CLANG_ENABLE_OBJC_ARC = YES;
				CLANG_ENABLE_OBJC_WEAK = YES;
				CLANG_WARN_BLOCK_CAPTURE_AUTORELEASING = YES;
				CLANG_WARN_BOOL_CONVERSION = YES;
				CLANG_WARN_COMMA = YES;
				CLANG_WARN_CONSTANT_CONVERSION = YES;
				CLANG_WARN_DEPRECATED_OBJC_IMPLEMENTATIONS = YES;
				CLANG_WARN_DIRECT_OBJC_ISA_USAGE = YES_ERROR;
				CLANG_WARN_DOCUMENTATION_COMMENTS = YES;
				CLANG_WARN_EMPTY_BODY = YES;
				CLANG_WARN_ENUM_CONVERSION = YES;
				CLANG_WARN_INFINITE_RECURSION = YES;
				CLANG_WARN_INT_CONVERSION = YES;
				CLANG_WARN_NON_LITERAL_NULL_CONVERSION = YES;
				CLANG_WARN_OBJC_IMPLICIT_RETAIN_SELF = YES;
				CLANG_WARN_OBJC_LITERAL_CONVERSION = YES;
				CLANG_WARN_OBJC_ROOT_CLASS = YES_ERROR;
				CLANG_WARN_RANGE_LOOP_ANALYSIS = YES;
				CLANG_WARN_STRICT_PROTOTYPES = YES;
				CLANG_WARN_SUSPICIOUS_MOVE = YES;
				CLANG_WARN_UNGUARDED_AVAILABILITY = YES_AGGRESSIVE;
				CLANG_WARN_UNREACHABLE_CODE = YES;
				CLANG_WARN__DUPLICATE_METHOD_MATCH = YES;
				COPY_PHASE_STRIP = NO;
				DEBUG_INFORMATION_FORMAT = dwarf;
				ENABLE_STRICT_OBJC_MSGSEND = YES;
				ENABLE_TESTABILITY = YES;
				GCC_C_LANGUAGE_STANDARD = gnu11;
				GCC_DYNAMIC_NO_PIC = NO;
				GCC_NO_COMMON_BLOCKS = YES;
				GCC_OPTIMIZATION_LEVEL = 0;
				GCC_PREPROCESSOR_DEFINITIONS = (
					"DEBUG=1",
					"$(inherited)",
				);
				GCC_WARN_64_TO_32_BIT_CONVERSION = YES;
				GCC_WARN_ABOUT_RETURN_TYPE = YES_ERROR;
				GCC_WARN_UNDECLARED_SELECTOR = YES;
				GCC_WARN_UNINITIALIZED_AUTOS = YES_AGGRESSIVE;
				GCC_WARN_UNUSED_FUNCTION = YES;
				GCC_WARN_UNUSED_VARIABLE = YES;
				IPHONEOS_DEPLOYMENT_TARGET = 13.2;
				MTL_ENABLE_DEBUG_INFO = INCLUDE_SOURCE;
				MTL_FAST_MATH = YES;
				ONLY_ACTIVE_ARCH = YES;
				SDKROOT = iphoneos;
				SWIFT_ACTIVE_COMPILATION_CONDITIONS = DEBUG;
				SWIFT_OPTIMIZATION_LEVEL = "-Onone";
			};
			name = Debug;
		};
		4B671A082416D33000722BBB /* Release */ = {
			isa = XCBuildConfiguration;
			buildSettings = {
				ALWAYS_SEARCH_USER_PATHS = NO;
				CLANG_ANALYZER_NONNULL = YES;
				CLANG_ANALYZER_NUMBER_OBJECT_CONVERSION = YES_AGGRESSIVE;
				CLANG_CXX_LANGUAGE_STANDARD = "gnu++14";
				CLANG_CXX_LIBRARY = "libc++";
				CLANG_ENABLE_MODULES = YES;
				CLANG_ENABLE_OBJC_ARC = YES;
				CLANG_ENABLE_OBJC_WEAK = YES;
				CLANG_WARN_BLOCK_CAPTURE_AUTORELEASING = YES;
				CLANG_WARN_BOOL_CONVERSION = YES;
				CLANG_WARN_COMMA = YES;
				CLANG_WARN_CONSTANT_CONVERSION = YES;
				CLANG_WARN_DEPRECATED_OBJC_IMPLEMENTATIONS = YES;
				CLANG_WARN_DIRECT_OBJC_ISA_USAGE = YES_ERROR;
				CLANG_WARN_DOCUMENTATION_COMMENTS = YES;
				CLANG_WARN_EMPTY_BODY = YES;
				CLANG_WARN_ENUM_CONVERSION = YES;
				CLANG_WARN_INFINITE_RECURSION = YES;
				CLANG_WARN_INT_CONVERSION = YES;
				CLANG_WARN_NON_LITERAL_NULL_CONVERSION = YES;
				CLANG_WARN_OBJC_IMPLICIT_RETAIN_SELF = YES;
				CLANG_WARN_OBJC_LITERAL_CONVERSION = YES;
				CLANG_WARN_OBJC_ROOT_CLASS = YES_ERROR;
				CLANG_WARN_RANGE_LOOP_ANALYSIS = YES;
				CLANG_WARN_STRICT_PROTOTYPES = YES;
				CLANG_WARN_SUSPICIOUS_MOVE = YES;
				CLANG_WARN_UNGUARDED_AVAILABILITY = YES_AGGRESSIVE;
				CLANG_WARN_UNREACHABLE_CODE = YES;
				CLANG_WARN__DUPLICATE_METHOD_MATCH = YES;
				COPY_PHASE_STRIP = NO;
				DEBUG_INFORMATION_FORMAT = "dwarf-with-dsym";
				ENABLE_NS_ASSERTIONS = NO;
				ENABLE_STRICT_OBJC_MSGSEND = YES;
				GCC_C_LANGUAGE_STANDARD = gnu11;
				GCC_NO_COMMON_BLOCKS = YES;
				GCC_WARN_64_TO_32_BIT_CONVERSION = YES;
				GCC_WARN_ABOUT_RETURN_TYPE = YES_ERROR;
				GCC_WARN_UNDECLARED_SELECTOR = YES;
				GCC_WARN_UNINITIALIZED_AUTOS = YES_AGGRESSIVE;
				GCC_WARN_UNUSED_FUNCTION = YES;
				GCC_WARN_UNUSED_VARIABLE = YES;
				IPHONEOS_DEPLOYMENT_TARGET = 13.2;
				MTL_ENABLE_DEBUG_INFO = NO;
				MTL_FAST_MATH = YES;
				SDKROOT = iphoneos;
				SWIFT_COMPILATION_MODE = wholemodule;
				SWIFT_OPTIMIZATION_LEVEL = "-O";
				VALIDATE_PRODUCT = YES;
			};
			name = Release;
		};
		4B671A0A2416D33000722BBB /* Debug */ = {
			isa = XCBuildConfiguration;
			buildSettings = {
				ASSETCATALOG_COMPILER_APPICON_NAME = AppIcon;
				CODE_SIGN_STYLE = Automatic;
				INFOPLIST_FILE = WeatherGift/Info.plist;
				LD_RUNPATH_SEARCH_PATHS = (
					"$(inherited)",
					"@executable_path/Frameworks",
				);
				PRODUCT_BUNDLE_IDENTIFIER = BCSwift.WeatherGift;
				PRODUCT_NAME = "$(TARGET_NAME)";
				SWIFT_VERSION = 5.0;
				TARGETED_DEVICE_FAMILY = "1,2";
			};
			name = Debug;
		};
		4B671A0B2416D33000722BBB /* Release */ = {
			isa = XCBuildConfiguration;
			buildSettings = {
				ASSETCATALOG_COMPILER_APPICON_NAME = AppIcon;
				CODE_SIGN_STYLE = Automatic;
				INFOPLIST_FILE = WeatherGift/Info.plist;
				LD_RUNPATH_SEARCH_PATHS = (
					"$(inherited)",
					"@executable_path/Frameworks",
				);
				PRODUCT_BUNDLE_IDENTIFIER = BCSwift.WeatherGift;
				PRODUCT_NAME = "$(TARGET_NAME)";
				SWIFT_VERSION = 5.0;
				TARGETED_DEVICE_FAMILY = "1,2";
			};
			name = Release;
		};
		4B671A0D2416D33000722BBB /* Debug */ = {
			isa = XCBuildConfiguration;
			buildSettings = {
				ALWAYS_EMBED_SWIFT_STANDARD_LIBRARIES = YES;
				BUNDLE_LOADER = "$(TEST_HOST)";
				CODE_SIGN_STYLE = Automatic;
				INFOPLIST_FILE = WeatherGiftTests/Info.plist;
				IPHONEOS_DEPLOYMENT_TARGET = 13.2;
				LD_RUNPATH_SEARCH_PATHS = (
					"$(inherited)",
					"@executable_path/Frameworks",
					"@loader_path/Frameworks",
				);
				PRODUCT_BUNDLE_IDENTIFIER = BCSwift.WeatherGiftTests;
				PRODUCT_NAME = "$(TARGET_NAME)";
				SWIFT_VERSION = 5.0;
				TARGETED_DEVICE_FAMILY = "1,2";
				TEST_HOST = "$(BUILT_PRODUCTS_DIR)/WeatherGift.app/WeatherGift";
			};
			name = Debug;
		};
		4B671A0E2416D33000722BBB /* Release */ = {
			isa = XCBuildConfiguration;
			buildSettings = {
				ALWAYS_EMBED_SWIFT_STANDARD_LIBRARIES = YES;
				BUNDLE_LOADER = "$(TEST_HOST)";
				CODE_SIGN_STYLE = Automatic;
				INFOPLIST_FILE = WeatherGiftTests/Info.plist;
				IPHONEOS_DEPLOYMENT_TARGET = 13.2;
				LD_RUNPATH_SEARCH_PATHS = (
					"$(inherited)",
					"@executable_path/Frameworks",
					"@loader_path/Frameworks",
				);
				PRODUCT_BUNDLE_IDENTIFIER = BCSwift.WeatherGiftTests;
				PRODUCT_NAME = "$(TARGET_NAME)";
				SWIFT_VERSION = 5.0;
				TARGETED_DEVICE_FAMILY = "1,2";
				TEST_HOST = "$(BUILT_PRODUCTS_DIR)/WeatherGift.app/WeatherGift";
			};
			name = Release;
		};
		4B671A102416D33000722BBB /* Debug */ = {
			isa = XCBuildConfiguration;
			buildSettings = {
				ALWAYS_EMBED_SWIFT_STANDARD_LIBRARIES = YES;
				CODE_SIGN_STYLE = Automatic;
				INFOPLIST_FILE = WeatherGiftUITests/Info.plist;
				LD_RUNPATH_SEARCH_PATHS = (
					"$(inherited)",
					"@executable_path/Frameworks",
					"@loader_path/Frameworks",
				);
				PRODUCT_BUNDLE_IDENTIFIER = BCSwift.WeatherGiftUITests;
				PRODUCT_NAME = "$(TARGET_NAME)";
				SWIFT_VERSION = 5.0;
				TARGETED_DEVICE_FAMILY = "1,2";
				TEST_TARGET_NAME = WeatherGift;
			};
			name = Debug;
		};
		4B671A112416D33000722BBB /* Release */ = {
			isa = XCBuildConfiguration;
			buildSettings = {
				ALWAYS_EMBED_SWIFT_STANDARD_LIBRARIES = YES;
				CODE_SIGN_STYLE = Automatic;
				INFOPLIST_FILE = WeatherGiftUITests/Info.plist;
				LD_RUNPATH_SEARCH_PATHS = (
					"$(inherited)",
					"@executable_path/Frameworks",
					"@loader_path/Frameworks",
				);
				PRODUCT_BUNDLE_IDENTIFIER = BCSwift.WeatherGiftUITests;
				PRODUCT_NAME = "$(TARGET_NAME)";
				SWIFT_VERSION = 5.0;
				TARGETED_DEVICE_FAMILY = "1,2";
				TEST_TARGET_NAME = WeatherGift;
			};
			name = Release;
		};
/* End XCBuildConfiguration section */

/* Begin XCConfigurationList section */
		4B6719DA2416D32B00722BBB /* Build configuration list for PBXProject "WeatherGift" */ = {
			isa = XCConfigurationList;
			buildConfigurations = (
				4B671A072416D33000722BBB /* Debug */,
				4B671A082416D33000722BBB /* Release */,
			);
			defaultConfigurationIsVisible = 0;
			defaultConfigurationName = Release;
		};
		4B671A092416D33000722BBB /* Build configuration list for PBXNativeTarget "WeatherGift" */ = {
			isa = XCConfigurationList;
			buildConfigurations = (
				4B671A0A2416D33000722BBB /* Debug */,
				4B671A0B2416D33000722BBB /* Release */,
			);
			defaultConfigurationIsVisible = 0;
			defaultConfigurationName = Release;
		};
		4B671A0C2416D33000722BBB /* Build configuration list for PBXNativeTarget "WeatherGiftTests" */ = {
			isa = XCConfigurationList;
			buildConfigurations = (
				4B671A0D2416D33000722BBB /* Debug */,
				4B671A0E2416D33000722BBB /* Release */,
			);
			defaultConfigurationIsVisible = 0;
			defaultConfigurationName = Release;
		};
		4B671A0F2416D33000722BBB /* Build configuration list for PBXNativeTarget "WeatherGiftUITests" */ = {
			isa = XCConfigurationList;
			buildConfigurations = (
				4B671A102416D33000722BBB /* Debug */,
				4B671A112416D33000722BBB /* Release */,
			);
			defaultConfigurationIsVisible = 0;
			defaultConfigurationName = Release;
		};
/* End XCConfigurationList section */
	};
	rootObject = 4B6719D72416D32B00722BBB /* Project object */;
}
